
Microsoft Visual Studio Solution File, Format Version 12.00
# Visual Studio Version 16
VisualStudioVersion = 16.0.29326.143
MinimumVisualStudioVersion = 10.0.40219.1
Project("{9A19103F-16F7-4668-BE54-9A1E7A4F7556}") = "PriceCalculator", "PriceCalculator.csproj", "{EB0D162B-2E2C-4CE3-915C-D348E34853C3}"
EndProject
Project("{FAE04EC0-301F-11D3-BF4B-00C04F79EFBC}") = "PriceCalculatorTests", "..\PriceCalculatorTests\PriceCalculatorTests.csproj", "{58158700-C18A-4DA0-AFC6-FCE663B463EF}"
EndProject
Global
	GlobalSection(SolutionConfigurationPlatforms) = preSolution
		Debug|Any CPU = Debug|Any CPU
		Release|Any CPU = Release|Any CPU
	EndGlobalSection
	GlobalSection(ProjectConfigurationPlatforms) = postSolution
		{EB0D162B-2E2C-4CE3-915C-D348E34853C3}.Debug|Any CPU.ActiveCfg = Debug|Any CPU
		{EB0D162B-2E2C-4CE3-915C-D348E34853C3}.Debug|Any CPU.Build.0 = Debug|Any CPU
		{EB0D162B-2E2C-4CE3-915C-D348E34853C3}.Release|Any CPU.ActiveCfg = Release|Any CPU
		{EB0D162B-2E2C-4CE3-915C-D348E34853C3}.Release|Any CPU.Build.0 = Release|Any CPU
		{58158700-C18A-4DA0-AFC6-FCE663B463EF}.Debug|Any CPU.ActiveCfg = Debug|Any CPU
		{58158700-C18A-4DA0-AFC6-FCE663B463EF}.Debug|Any CPU.Build.0 = Debug|Any CPU
		{58158700-C18A-4DA0-AFC6-FCE663B463EF}.Release|Any CPU.ActiveCfg = Release|Any CPU
		{58158700-C18A-4DA0-AFC6-FCE663B463EF}.Release|Any CPU.Build.0 = Release|Any CPU
	EndGlobalSection
	GlobalSection(SolutionProperties) = preSolution
		HideSolutionNode = FALSE
	EndGlobalSection
	GlobalSection(ExtensibilityGlobals) = postSolution
		SolutionGuid = {592F5A2B-A1C8-4C4C-8D51-5BD3602484B4}
	EndGlobalSection
EndGlobal
